
Microsoft Visual Studio Solution File, Format Version 12.00
# Visual Studio Version 17
VisualStudioVersion = 17.5.33516.290
MinimumVisualStudioVersion = 10.0.40219.1
Project("{FAE04EC0-301F-11D3-BF4B-00C04F79EFBC}") = "Tienloi", "Tiện lợi(01)\Tienloi.csproj", "{3673BA3E-676B-44FC-9841-393D4F3D4DAA}"
EndProject
Global
	GlobalSection(SolutionConfigurationPlatforms) = preSolution
		Debug|Any CPU = Debug|Any CPU
		Release|Any CPU = Release|Any CPU
	EndGlobalSection
	GlobalSection(ProjectConfigurationPlatforms) = postSolution
		{3673BA3E-676B-44FC-9841-393D4F3D4DAA}.Debug|Any CPU.ActiveCfg = Debug|Any CPU
		{3673BA3E-676B-44FC-9841-393D4F3D4DAA}.Debug|Any CPU.Build.0 = Debug|Any CPU
		{3673BA3E-676B-44FC-9841-393D4F3D4DAA}.Release|Any CPU.ActiveCfg = Release|Any CPU
		{3673BA3E-676B-44FC-9841-393D4F3D4DAA}.Release|Any CPU.Build.0 = Release|Any CPU
	EndGlobalSection
	GlobalSection(SolutionProperties) = preSolution
		HideSolutionNode = FALSE
	EndGlobalSection
	GlobalSection(ExtensibilityGlobals) = postSolution
		SolutionGuid = {C1831381-060C-4157-A090-588D4A735C06}
	EndGlobalSection
EndGlobal
